
Microsoft Visual Studio Solution File, Format Version 12.00
# Visual Studio 15
VisualStudioVersion = 15.0.26730.3
MinimumVisualStudioVersion = 10.0.40219.1
Project("{FAE04EC0-301F-11D3-BF4B-00C04F79EFBC}") = "Mc.NetCore", "Mc.NetCore\Mc.NetCore.csproj", "{753761CD-0874-4D56-BA1F-6EB7133FA79E}"
EndProject
Global
	GlobalSection(SolutionConfigurationPlatforms) = preSolution
		Debug|Any CPU = Debug|Any CPU
		Release|Any CPU = Release|Any CPU
	EndGlobalSection
	GlobalSection(ProjectConfigurationPlatforms) = postSolution
		{753761CD-0874-4D56-BA1F-6EB7133FA79E}.Debug|Any CPU.ActiveCfg = Debug|Any CPU
		{753761CD-0874-4D56-BA1F-6EB7133FA79E}.Debug|Any CPU.Build.0 = Debug|Any CPU
		{753761CD-0874-4D56-BA1F-6EB7133FA79E}.Release|Any CPU.ActiveCfg = Release|Any CPU
		{753761CD-0874-4D56-BA1F-6EB7133FA79E}.Release|Any CPU.Build.0 = Release|Any CPU
	EndGlobalSection
	GlobalSection(SolutionProperties) = preSolution
		HideSolutionNode = FALSE
	EndGlobalSection
	GlobalSection(ExtensibilityGlobals) = postSolution
		SolutionGuid = {01BE6AE2-2CE5-4034-9ADF-C8E5F80439C5}
	EndGlobalSection
EndGlobal
